// !$*UTF8*$!
{
	archiveVersion = 1;
	classes = {
	};
	objectVersion = 56;
	objects = {

/* Begin PBXBuildFile section */
		1105F5202ABFFEA50041C47F /* AppDelegate.m in Sources */ = {isa = PBXBuildFile; fileRef = 1105F51F2ABFFEA50041C47F /* AppDelegate.m */; };
		1105F5232ABFFEA60041C47F /* SceneDelegate.m in Sources */ = {isa = PBXBuildFile; fileRef = 1105F5222ABFFEA60041C47F /* SceneDelegate.m */; };
		1105F52B2ABFFEA60041C47F /* Assets.xcassets in Resources */ = {isa = PBXBuildFile; fileRef = 1105F52A2ABFFEA60041C47F /* Assets.xcassets */; };
		1105F5312ABFFEA60041C47F /* main.m in Sources */ = {isa = PBXBuildFile; fileRef = 1105F5302ABFFEA60041C47F /* main.m */; };
		111E958E2AC3376D002CC752 /* ViewController.m in Sources */ = {isa = PBXBuildFile; fileRef = 111E958C2AC3376D002CC752 /* ViewController.m */; };
		111E95922AC3405A002CC752 /* DrawVCWithoutNib.m in Sources */ = {isa = PBXBuildFile; fileRef = 111E95912AC3405A002CC752 /* DrawVCWithoutNib.m */; };
		111E95962AC344A0002CC752 /* DrawVCNib.m in Sources */ = {isa = PBXBuildFile; fileRef = 111E95942AC344A0002CC752 /* DrawVCNib.m */; };
		111E95972AC344A0002CC752 /* DrawVCNib.xib in Resources */ = {isa = PBXBuildFile; fileRef = 111E95952AC344A0002CC752 /* DrawVCNib.xib */; };
/* End PBXBuildFile section */

/* Begin PBXFileReference section */
		1105F51B2ABFFEA50041C47F /* HandObjC.app */ = {isa = PBXFileReference; explicitFileType = wrapper.application; includeInIndex = 0; path = HandObjC.app; sourceTree = BUILT_PRODUCTS_DIR; };
		1105F51E2ABFFEA50041C47F /* AppDelegate.h */ = {isa = PBXFileReference; lastKnownFileType = sourcecode.c.h; path = AppDelegate.h; sourceTree = "<group>"; };
		1105F51F2ABFFEA50041C47F /* AppDelegate.m */ = {isa = PBXFileReference; lastKnownFileType = sourcecode.c.objc; path = AppDelegate.m; sourceTree = "<group>"; };
		1105F5212ABFFEA50041C47F /* SceneDelegate.h */ = {isa = PBXFileReference; lastKnownFileType = sourcecode.c.h; path = SceneDelegate.h; sourceTree = "<group>"; };
		1105F5222ABFFEA60041C47F /* SceneDelegate.m */ = {isa = PBXFileReference; lastKnownFileType = sourcecode.c.objc; path = SceneDelegate.m; sourceTree = "<group>"; };
		1105F52A2ABFFEA60041C47F /* Assets.xcassets */ = {isa = PBXFileReference; lastKnownFileType = folder.assetcatalog; path = Assets.xcassets; sourceTree = "<group>"; };
		1105F52F2ABFFEA60041C47F /* Info.plist */ = {isa = PBXFileReference; lastKnownFileType = text.plist.xml; path = Info.plist; sourceTree = "<group>"; };
		1105F5302ABFFEA60041C47F /* main.m */ = {isa = PBXFileReference; lastKnownFileType = sourcecode.c.objc; path = main.m; sourceTree = "<group>"; };
		111E958B2AC3376D002CC752 /* ViewController.h */ = {isa = PBXFileReference; lastKnownFileType = sourcecode.c.h; path = ViewController.h; sourceTree = "<group>"; };
		111E958C2AC3376D002CC752 /* ViewController.m */ = {isa = PBXFileReference; lastKnownFileType = sourcecode.c.objc; path = ViewController.m; sourceTree = "<group>"; };
		111E95902AC3405A002CC752 /* DrawVCWithoutNib.h */ = {isa = PBXFileReference; lastKnownFileType = sourcecode.c.h; path = DrawVCWithoutNib.h; sourceTree = "<group>"; };
		111E95912AC3405A002CC752 /* DrawVCWithoutNib.m */ = {isa = PBXFileReference; lastKnownFileType = sourcecode.c.objc; path = DrawVCWithoutNib.m; sourceTree = "<group>"; };
		111E95932AC344A0002CC752 /* DrawVCNib.h */ = {isa = PBXFileReference; lastKnownFileType = sourcecode.c.h; path = DrawVCNib.h; sourceTree = "<group>"; };
		111E95942AC344A0002CC752 /* DrawVCNib.m */ = {isa = PBXFileReference; lastKnownFileType = sourcecode.c.objc; path = DrawVCNib.m; sourceTree = "<group>"; };
		111E95952AC344A0002CC752 /* DrawVCNib.xib */ = {isa = PBXFileReference; lastKnownFileType = file.xib; path = DrawVCNib.xib; sourceTree = "<group>"; };
/* End PBXFileReference section */

/* Begin PBXFrameworksBuildPhase section */
		1105F5182ABFFEA50041C47F /* Frameworks */ = {
			isa = PBXFrameworksBuildPhase;
			buildActionMask = 2147483647;
			files = (
			);
			runOnlyForDeploymentPostprocessing = 0;
		};
/* End PBXFrameworksBuildPhase section */

/* Begin PBXGroup section */
		1105F5122ABFFEA50041C47F = {
			isa = PBXGroup;
			children = (
				1105F51D2ABFFEA50041C47F /* HandObjC */,
				1105F51C2ABFFEA50041C47F /* Products */,
			);
			sourceTree = "<group>";
		};
		1105F51C2ABFFEA50041C47F /* Products */ = {
			isa = PBXGroup;
			children = (
				1105F51B2ABFFEA50041C47F /* HandObjC.app */,
			);
			name = Products;
			sourceTree = "<group>";
		};
		1105F51D2ABFFEA50041C47F /* HandObjC */ = {
			isa = PBXGroup;
			children = (
				1105F51E2ABFFEA50041C47F /* AppDelegate.h */,
				1105F51F2ABFFEA50041C47F /* AppDelegate.m */,
				1105F5212ABFFEA50041C47F /* SceneDelegate.h */,
				1105F5222ABFFEA60041C47F /* SceneDelegate.m */,
				111E958B2AC3376D002CC752 /* ViewController.h */,
				111E958C2AC3376D002CC752 /* ViewController.m */,
				111E95902AC3405A002CC752 /* DrawVCWithoutNib.h */,
				111E95912AC3405A002CC752 /* DrawVCWithoutNib.m */,
				111E95932AC344A0002CC752 /* DrawVCNib.h */,
				111E95942AC344A0002CC752 /* DrawVCNib.m */,
				111E95952AC344A0002CC752 /* DrawVCNib.xib */,
				1105F52A2ABFFEA60041C47F /* Assets.xcassets */,
				1105F52F2ABFFEA60041C47F /* Info.plist */,
				1105F5302ABFFEA60041C47F /* main.m */,
			);
			path = HandObjC;
			sourceTree = "<group>";
		};
/* End PBXGroup section */

/* Begin PBXNativeTarget section */
		1105F51A2ABFFEA50041C47F /* HandObjC */ = {
			isa = PBXNativeTarget;
			buildConfigurationList = 1105F5342ABFFEA60041C47F /* Build configuration list for PBXNativeTarget "HandObjC" */;
			buildPhases = (
				1105F5172ABFFEA50041C47F /* Sources */,
				1105F5182ABFFEA50041C47F /* Frameworks */,
				1105F5192ABFFEA50041C47F /* Resources */,
			);
			buildRules = (
			);
			dependencies = (
			);
			name = HandObjC;
			productName = HandObjC;
			productReference = 1105F51B2ABFFEA50041C47F /* HandObjC.app */;
			productType = "com.apple.product-type.application";
		};
/* End PBXNativeTarget section */

/* Begin PBXProject section */
		1105F5132ABFFEA50041C47F /* Project object */ = {
			isa = PBXProject;
			attributes = {
				BuildIndependentTargetsInParallel = 1;
				LastUpgradeCheck = 1500;
				TargetAttributes = {
					1105F51A2ABFFEA50041C47F = {
						CreatedOnToolsVersion = 15.0;
					};
				};
			};
			buildConfigurationList = 1105F5162ABFFEA50041C47F /* Build configuration list for PBXProject "HandObjC" */;
			compatibilityVersion = "Xcode 14.0";
			developmentRegion = en;
			hasScannedForEncodings = 0;
			knownRegions = (
				en,
				Base,
			);
			mainGroup = 1105F5122ABFFEA50041C47F;
			productRefGroup = 1105F51C2ABFFEA50041C47F /* Products */;
			projectDirPath = "";
			projectRoot = "";
			targets = (
				1105F51A2ABFFEA50041C47F /* HandObjC */,
			);
		};
/* End PBXProject section */

/* Begin PBXResourcesBuildPhase section */
		1105F5192ABFFEA50041C47F /* Resources */ = {
			isa = PBXResourcesBuildPhase;
			buildActionMask = 2147483647;
			files = (
				111E95972AC344A0002CC752 /* DrawVCNib.xib in Resources */,
				1105F52B2ABFFEA60041C47F /* Assets.xcassets in Resources */,
			);
			runOnlyForDeploymentPostprocessing = 0;
		};
/* End PBXResourcesBuildPhase section */

/* Begin PBXSourcesBuildPhase section */
		1105F5172ABFFEA50041C47F /* Sources */ = {
			isa = PBXSourcesBuildPhase;
			buildActionMask = 2147483647;
			files = (
				1105F5202ABFFEA50041C47F /* AppDelegate.m in Sources */,
				1105F5312ABFFEA60041C47F /* main.m in Sources */,
				111E95962AC344A0002CC752 /* DrawVCNib.m in Sources */,
				111E958E2AC3376D002CC752 /* ViewController.m in Sources */,
				1105F5232ABFFEA60041C47F /* SceneDelegate.m in Sources */,
				111E95922AC3405A002CC752 /* DrawVCWithoutNib.m in Sources */,
			);
			runOnlyForDeploymentPostprocessing = 0;
		};
/* End PBXSourcesBuildPhase section */

/* Begin XCBuildConfiguration section */
		1105F5322ABFFEA60041C47F /* Debug */ = {
			isa = XCBuildConfiguration;
			buildSettings = {
				ALWAYS_SEARCH_USER_PATHS = NO;
				ASSETCATALOG_COMPILER_GENERATE_SWIFT_ASSET_SYMBOL_EXTENSIONS = YES;
				CLANG_ANALYZER_NONNULL = YES;
				CLANG_ANALYZER_NUMBER_OBJECT_CONVERSION = YES_AGGRESSIVE;
				CLANG_CXX_LANGUAGE_STANDARD = "gnu++20";
				CLANG_ENABLE_MODULES = YES;
				CLANG_ENABLE_OBJC_ARC = YES;
				CLANG_ENABLE_OBJC_WEAK = YES;
				CLANG_WARN_BLOCK_CAPTURE_AUTORELEASING = YES;
				CLANG_WARN_BOOL_CONVERSION = YES;
				CLANG_WARN_COMMA = YES;
				CLANG_WARN_CONSTANT_CONVERSION = YES;
				CLANG_WARN_DEPRECATED_OBJC_IMPLEMENTATIONS = YES;
				CLANG_WARN_DIRECT_OBJC_ISA_USAGE = YES_ERROR;
				CLANG_WARN_DOCUMENTATION_COMMENTS = YES;
				CLANG_WARN_EMPTY_BODY = YES;
				CLANG_WARN_ENUM_CONVERSION = YES;
				CLANG_WARN_INFINITE_RECURSION = YES;
				CLANG_WARN_INT_CONVERSION = YES;
				CLANG_WARN_NON_LITERAL_NULL_CONVERSION = YES;
				CLANG_WARN_OBJC_IMPLICIT_RETAIN_SELF = YES;
				CLANG_WARN_OBJC_LITERAL_CONVERSION = YES;
				CLANG_WARN_OBJC_ROOT_CLASS = YES_ERROR;
				CLANG_WARN_QUOTED_INCLUDE_IN_FRAMEWORK_HEADER = YES;
				CLANG_WARN_RANGE_LOOP_ANALYSIS = YES;
				CLANG_WARN_STRICT_PROTOTYPES = YES;
				CLANG_WARN_SUSPICIOUS_MOVE = YES;
				CLANG_WARN_UNGUARDED_AVAILABILITY = YES_AGGRESSIVE;
				CLANG_WARN_UNREACHABLE_CODE = YES;
				CLANG_WARN__DUPLICATE_METHOD_MATCH = YES;
				COPY_PHASE_STRIP = NO;
				DEBUG_INFORMATION_FORMAT = dwarf;
				ENABLE_STRICT_OBJC_MSGSEND = YES;
				ENABLE_TESTABILITY = YES;
				ENABLE_USER_SCRIPT_SANDBOXING = YES;
				GCC_C_LANGUAGE_STANDARD = gnu17;
				GCC_DYNAMIC_NO_PIC = NO;
				GCC_NO_COMMON_BLOCKS = YES;
				GCC_OPTIMIZATION_LEVEL = 0;
				GCC_PREPROCESSOR_DEFINITIONS = (
					"DEBUG=1",
					"$(inherited)",
				);
				GCC_WARN_64_TO_32_BIT_CONVERSION = YES;
				GCC_WARN_ABOUT_RETURN_TYPE = YES_ERROR;
				GCC_WARN_UNDECLARED_SELECTOR = YES;
				GCC_WARN_UNINITIALIZED_AUTOS = YES_AGGRESSIVE;
				GCC_WARN_UNUSED_FUNCTION = YES;
				GCC_WARN_UNUSED_VARIABLE = YES;
				IPHONEOS_DEPLOYMENT_TARGET = 17.0;
				LOCALIZATION_PREFERS_STRING_CATALOGS = YES;
				MTL_ENABLE_DEBUG_INFO = INCLUDE_SOURCE;
				MTL_FAST_MATH = YES;
				ONLY_ACTIVE_ARCH = YES;
				SDKROOT = iphoneos;
			};
			name = Debug;
		};
		1105F5332ABFFEA60041C47F /* Release */ = {
			isa = XCBuildConfiguration;
			buildSettings = {
				ALWAYS_SEARCH_USER_PATHS = NO;
				ASSETCATALOG_COMPILER_GENERATE_SWIFT_ASSET_SYMBOL_EXTENSIONS = YES;
				CLANG_ANALYZER_NONNULL = YES;
				CLANG_ANALYZER_NUMBER_OBJECT_CONVERSION = YES_AGGRESSIVE;
				CLANG_CXX_LANGUAGE_STANDARD = "gnu++20";
				CLANG_ENABLE_MODULES = YES;
				CLANG_ENABLE_OBJC_ARC = YES;
				CLANG_ENABLE_OBJC_WEAK = YES;
				CLANG_WARN_BLOCK_CAPTURE_AUTORELEASING = YES;
				CLANG_WARN_BOOL_CONVERSION = YES;
				CLANG_WARN_COMMA = YES;
				CLANG_WARN_CONSTANT_CONVERSION = YES;
				CLANG_WARN_DEPRECATED_OBJC_IMPLEMENTATIONS = YES;
				CLANG_WARN_DIRECT_OBJC_ISA_USAGE = YES_ERROR;
				CLANG_WARN_DOCUMENTATION_COMMENTS = YES;
				CLANG_WARN_EMPTY_BODY = YES;
				CLANG_WARN_ENUM_CONVERSION = YES;
				CLANG_WARN_INFINITE_RECURSION = YES;
				CLANG_WARN_INT_CONVERSION = YES;
				CLANG_WARN_NON_LITERAL_NULL_CONVERSION = YES;
				CLANG_WARN_OBJC_IMPLICIT_RETAIN_SELF = YES;
				CLANG_WARN_OBJC_LITERAL_CONVERSION = YES;
				CLANG_WARN_OBJC_ROOT_CLASS = YES_ERROR;
				CLANG_WARN_QUOTED_INCLUDE_IN_FRAMEWORK_HEADER = YES;
				CLANG_WARN_RANGE_LOOP_ANALYSIS = YES;
				CLANG_WARN_STRICT_PROTOTYPES = YES;
				CLANG_WARN_SUSPICIOUS_MOVE = YES;
				CLANG_WARN_UNGUARDED_AVAILABILITY = YES_AGGRESSIVE;
				CLANG_WARN_UNREACHABLE_CODE = YES;
				CLANG_WARN__DUPLICATE_METHOD_MATCH = YES;
				COPY_PHASE_STRIP = NO;
				DEBUG_INFORMATION_FORMAT = "dwarf-with-dsym";
				ENABLE_NS_ASSERTIONS = NO;
				ENABLE_STRICT_OBJC_MSGSEND = YES;
				ENABLE_USER_SCRIPT_SANDBOXING = YES;
				GCC_C_LANGUAGE_STANDARD = gnu17;
				GCC_NO_COMMON_BLOCKS = YES;
				GCC_WARN_64_TO_32_BIT_CONVERSION = YES;
				GCC_WARN_ABOUT_RETURN_TYPE = YES_ERROR;
				GCC_WARN_UNDECLARED_SELECTOR = YES;
				GCC_WARN_UNINITIALIZED_AUTOS = YES_AGGRESSIVE;
				GCC_WARN_UNUSED_FUNCTION = YES;
				GCC_WARN_UNUSED_VARIABLE = YES;
				IPHONEOS_DEPLOYMENT_TARGET = 17.0;
				LOCALIZATION_PREFERS_STRING_CATALOGS = YES;
				MTL_ENABLE_DEBUG_INFO = NO;
				MTL_FAST_MATH = YES;
				SDKROOT = iphoneos;
				VALIDATE_PRODUCT = YES;
			};
			name = Release;
		};
		1105F5352ABFFEA60041C47F /* Debug */ = {
			isa = XCBuildConfiguration;
			buildSettings = {
				ASSETCATALOG_COMPILER_APPICON_NAME = AppIcon;
				ASSETCATALOG_COMPILER_GLOBAL_ACCENT_COLOR_NAME = AccentColor;
				CODE_SIGN_STYLE = Automatic;
				CURRENT_PROJECT_VERSION = 1;
				DEVELOPMENT_TEAM = 3RGCWCYH85;
				GENERATE_INFOPLIST_FILE = YES;
				INFOPLIST_FILE = HandObjC/Info.plist;
				INFOPLIST_KEY_UIApplicationSupportsIndirectInputEvents = YES;
				INFOPLIST_KEY_UILaunchStoryboardName = LaunchScreen;
				INFOPLIST_KEY_UISupportedInterfaceOrientations_iPad = "UIInterfaceOrientationPortrait UIInterfaceOrientationPortraitUpsideDown UIInterfaceOrientationLandscapeLeft UIInterfaceOrientationLandscapeRight";
				INFOPLIST_KEY_UISupportedInterfaceOrientations_iPhone = "UIInterfaceOrientationPortrait UIInterfaceOrientationLandscapeLeft UIInterfaceOrientationLandscapeRight";
				LD_RUNPATH_SEARCH_PATHS = (
					"$(inherited)",
					"@executable_path/Frameworks",
				);
				MARKETING_VERSION = 1.0;
				PRODUCT_BUNDLE_IDENTIFIER = az.HandObjC;
				PRODUCT_NAME = "$(TARGET_NAME)";
				SWIFT_EMIT_LOC_STRINGS = YES;
				TARGETED_DEVICE_FAMILY = "1,2";
			};
			name = Debug;
		};
		1105F5362ABFFEA60041C47F /* Release */ = {
			isa = XCBuildConfiguration;
			buildSettings = {
				ASSETCATALOG_COMPILER_APPICON_NAME = AppIcon;
				ASSETCATALOG_COMPILER_GLOBAL_ACCENT_COLOR_NAME = AccentColor;
				CODE_SIGN_STYLE = Automatic;
				CURRENT_PROJECT_VERSION = 1;
				DEVELOPMENT_TEAM = 3RGCWCYH85;
				GENERATE_INFOPLIST_FILE = YES;
				INFOPLIST_FILE = HandObjC/Info.plist;
				INFOPLIST_KEY_UIApplicationSupportsIndirectInputEvents = YES;
				INFOPLIST_KEY_UILaunchStoryboardName = LaunchScreen;
				INFOPLIST_KEY_UISupportedInterfaceOrientations_iPad = "UIInterfaceOrientationPortrait UIInterfaceOrientationPortraitUpsideDown UIInterfaceOrientationLandscapeLeft UIInterfaceOrientationLandscapeRight";
				INFOPLIST_KEY_UISupportedInterfaceOrientations_iPhone = "UIInterfaceOrientationPortrait UIInterfaceOrientationLandscapeLeft UIInterfaceOrientationLandscapeRight";
				LD_RUNPATH_SEARCH_PATHS = (
					"$(inherited)",
					"@executable_path/Frameworks",
				);
				MARKETING_VERSION = 1.0;
				PRODUCT_BUNDLE_IDENTIFIER = az.HandObjC;
				PRODUCT_NAME = "$(TARGET_NAME)";
				SWIFT_EMIT_LOC_STRINGS = YES;
				TARGETED_DEVICE_FAMILY = "1,2";
			};
			name = Release;
		};
/* End XCBuildConfiguration section */

/* Begin XCConfigurationList section */
		1105F5162ABFFEA50041C47F /* Build configuration list for PBXProject "HandObjC" */ = {
			isa = XCConfigurationList;
			buildConfigurations = (
				1105F5322ABFFEA60041C47F /* Debug */,
				1105F5332ABFFEA60041C47F /* Release */,
			);
			defaultConfigurationIsVisible = 0;
			defaultConfigurationName = Release;
		};
		1105F5342ABFFEA60041C47F /* Build configuration list for PBXNativeTarget "HandObjC" */ = {
			isa = XCConfigurationList;
			buildConfigurations = (
				1105F5352ABFFEA60041C47F /* Debug */,
				1105F5362ABFFEA60041C47F /* Release */,
			);
			defaultConfigurationIsVisible = 0;
			defaultConfigurationName = Release;
		};
/* End XCConfigurationList section */
	};
	rootObject = 1105F5132ABFFEA50041C47F /* Project object */;
}
